// !$*UTF8*$!
{
	archiveVersion = 1;
	classes = {
	};
	objectVersion = 51;
	objects = {

/* Begin PBXBuildFile section */
		410468B225DF64B5002A30D9 /* AppDelegate.swift in Sources */ = {isa = PBXBuildFile; fileRef = 410468B125DF64B5002A30D9 /* AppDelegate.swift */; };
		410468B425DF64B5002A30D9 /* SceneDelegate.swift in Sources */ = {isa = PBXBuildFile; fileRef = 410468B325DF64B5002A30D9 /* SceneDelegate.swift */; };
		410468B625DF64B5002A30D9 /* ViewController.swift in Sources */ = {isa = PBXBuildFile; fileRef = 410468B525DF64B5002A30D9 /* ViewController.swift */; };
		410468B925DF64B5002A30D9 /* Main.storyboard in Resources */ = {isa = PBXBuildFile; fileRef = 410468B725DF64B5002A30D9 /* Main.storyboard */; };
		410468BB25DF64B7002A30D9 /* Assets.xcassets in Resources */ = {isa = PBXBuildFile; fileRef = 410468BA25DF64B7002A30D9 /* Assets.xcassets */; };
		410468BE25DF64B7002A30D9 /* LaunchScreen.storyboard in Resources */ = {isa = PBXBuildFile; fileRef = 410468BC25DF64B7002A30D9 /* LaunchScreen.storyboard */; };
		410468C925DF64B7002A30D9 /* FlixTests.swift in Sources */ = {isa = PBXBuildFile; fileRef = 410468C825DF64B7002A30D9 /* FlixTests.swift */; };
		410468D425DF64B7002A30D9 /* FlixUITests.swift in Sources */ = {isa = PBXBuildFile; fileRef = 410468D325DF64B7002A30D9 /* FlixUITests.swift */; };
		410E80AC25E2F84900AFC6E9 /* MovieDetailsViewController.swift in Sources */ = {isa = PBXBuildFile; fileRef = 410E80AB25E2F84900AFC6E9 /* MovieDetailsViewController.swift */; };
		41CA1E6F25DF95060079EEB3 /* MoviesViewController.swift in Sources */ = {isa = PBXBuildFile; fileRef = 41CA1E6E25DF95060079EEB3 /* MoviesViewController.swift */; };
		41CA1E7725DF9B4B0079EEB3 /* MovieCell.swift in Sources */ = {isa = PBXBuildFile; fileRef = 41CA1E7625DF9B4B0079EEB3 /* MovieCell.swift */; };
		4F6FCE85D3FA53CC1D458F62 /* Pods_FlixTests.framework in Frameworks */ = {isa = PBXBuildFile; fileRef = 6AD9A4F7C586743AFEA83BE3 /* Pods_FlixTests.framework */; };
		E6D9E1B822F83F9F5CDA0CF6 /* Pods_Flix_FlixUITests.framework in Frameworks */ = {isa = PBXBuildFile; fileRef = 36A7835B506B0F5FE6580687 /* Pods_Flix_FlixUITests.framework */; };
		F2724D29990A0365892A5398 /* Pods_Flix.framework in Frameworks */ = {isa = PBXBuildFile; fileRef = 9FECCA059D1DEA092B621F77 /* Pods_Flix.framework */; };
/* End PBXBuildFile section */

/* Begin PBXContainerItemProxy section */
		410468C525DF64B7002A30D9 /* PBXContainerItemProxy */ = {
			isa = PBXContainerItemProxy;
			containerPortal = 410468A625DF64B5002A30D9 /* Project object */;
			proxyType = 1;
			remoteGlobalIDString = 410468AD25DF64B5002A30D9;
			remoteInfo = Flix;
		};
		410468D025DF64B7002A30D9 /* PBXContainerItemProxy */ = {
			isa = PBXContainerItemProxy;
			containerPortal = 410468A625DF64B5002A30D9 /* Project object */;
			proxyType = 1;
			remoteGlobalIDString = 410468AD25DF64B5002A30D9;
			remoteInfo = Flix;
		};
/* End PBXContainerItemProxy section */

/* Begin PBXFileReference section */
		36A7835B506B0F5FE6580687 /* Pods_Flix_FlixUITests.framework */ = {isa = PBXFileReference; explicitFileType = wrapper.framework; includeInIndex = 0; path = Pods_Flix_FlixUITests.framework; sourceTree = BUILT_PRODUCTS_DIR; };
		410468AE25DF64B5002A30D9 /* Flix.app */ = {isa = PBXFileReference; explicitFileType = wrapper.application; includeInIndex = 0; path = Flix.app; sourceTree = BUILT_PRODUCTS_DIR; };
		410468B125DF64B5002A30D9 /* AppDelegate.swift */ = {isa = PBXFileReference; lastKnownFileType = sourcecode.swift; path = AppDelegate.swift; sourceTree = "<group>"; };
		410468B325DF64B5002A30D9 /* SceneDelegate.swift */ = {isa = PBXFileReference; lastKnownFileType = sourcecode.swift; path = SceneDelegate.swift; sourceTree = "<group>"; };
		410468B525DF64B5002A30D9 /* ViewController.swift */ = {isa = PBXFileReference; lastKnownFileType = sourcecode.swift; path = ViewController.swift; sourceTree = "<group>"; };
		410468B825DF64B5002A30D9 /* Base */ = {isa = PBXFileReference; lastKnownFileType = file.storyboard; name = Base; path = Base.lproj/Main.storyboard; sourceTree = "<group>"; };
		410468BA25DF64B7002A30D9 /* Assets.xcassets */ = {isa = PBXFileReference; lastKnownFileType = folder.assetcatalog; path = Assets.xcassets; sourceTree = "<group>"; };
		410468BD25DF64B7002A30D9 /* Base */ = {isa = PBXFileReference; lastKnownFileType = file.storyboard; name = Base; path = Base.lproj/LaunchScreen.storyboard; sourceTree = "<group>"; };
		410468BF25DF64B7002A30D9 /* Info.plist */ = {isa = PBXFileReference; lastKnownFileType = text.plist.xml; path = Info.plist; sourceTree = "<group>"; };
		410468C425DF64B7002A30D9 /* FlixTests.xctest */ = {isa = PBXFileReference; explicitFileType = wrapper.cfbundle; includeInIndex = 0; path = FlixTests.xctest; sourceTree = BUILT_PRODUCTS_DIR; };
		410468C825DF64B7002A30D9 /* FlixTests.swift */ = {isa = PBXFileReference; lastKnownFileType = sourcecode.swift; path = FlixTests.swift; sourceTree = "<group>"; };
		410468CA25DF64B7002A30D9 /* Info.plist */ = {isa = PBXFileReference; lastKnownFileType = text.plist.xml; path = Info.plist; sourceTree = "<group>"; };
		410468CF25DF64B7002A30D9 /* FlixUITests.xctest */ = {isa = PBXFileReference; explicitFileType = wrapper.cfbundle; includeInIndex = 0; path = FlixUITests.xctest; sourceTree = BUILT_PRODUCTS_DIR; };
		410468D325DF64B7002A30D9 /* FlixUITests.swift */ = {isa = PBXFileReference; lastKnownFileType = sourcecode.swift; path = FlixUITests.swift; sourceTree = "<group>"; };
		410468D525DF64B7002A30D9 /* Info.plist */ = {isa = PBXFileReference; lastKnownFileType = text.plist.xml; path = Info.plist; sourceTree = "<group>"; };
		410E80AB25E2F84900AFC6E9 /* MovieDetailsViewController.swift */ = {isa = PBXFileReference; lastKnownFileType = sourcecode.swift; path = MovieDetailsViewController.swift; sourceTree = "<group>"; };
		41CA1E6E25DF95060079EEB3 /* MoviesViewController.swift */ = {isa = PBXFileReference; lastKnownFileType = sourcecode.swift; path = MoviesViewController.swift; sourceTree = "<group>"; };
		41CA1E7625DF9B4B0079EEB3 /* MovieCell.swift */ = {isa = PBXFileReference; lastKnownFileType = sourcecode.swift; path = MovieCell.swift; sourceTree = "<group>"; };
		41EBD69A25E2342E00BEC81C /* Flix.entitlements */ = {isa = PBXFileReference; lastKnownFileType = text.plist.entitlements; path = Flix.entitlements; sourceTree = "<group>"; };
		574BDE64FBBB031C9D9D8543 /* Pods-FlixTests.release.xcconfig */ = {isa = PBXFileReference; includeInIndex = 1; lastKnownFileType = text.xcconfig; name = "Pods-FlixTests.release.xcconfig"; path = "Target Support Files/Pods-FlixTests/Pods-FlixTests.release.xcconfig"; sourceTree = "<group>"; };
		666415B4CEB6B3180F450EF3 /* Pods-FlixTests.debug.xcconfig */ = {isa = PBXFileReference; includeInIndex = 1; lastKnownFileType = text.xcconfig; name = "Pods-FlixTests.debug.xcconfig"; path = "Target Support Files/Pods-FlixTests/Pods-FlixTests.debug.xcconfig"; sourceTree = "<group>"; };
		6AD9A4F7C586743AFEA83BE3 /* Pods_FlixTests.framework */ = {isa = PBXFileReference; explicitFileType = wrapper.framework; includeInIndex = 0; path = Pods_FlixTests.framework; sourceTree = BUILT_PRODUCTS_DIR; };
		9FECCA059D1DEA092B621F77 /* Pods_Flix.framework */ = {isa = PBXFileReference; explicitFileType = wrapper.framework; includeInIndex = 0; path = Pods_Flix.framework; sourceTree = BUILT_PRODUCTS_DIR; };
		CA46093B93960BD9927431AF /* Pods-Flix.release.xcconfig */ = {isa = PBXFileReference; includeInIndex = 1; lastKnownFileType = text.xcconfig; name = "Pods-Flix.release.xcconfig"; path = "Target Support Files/Pods-Flix/Pods-Flix.release.xcconfig"; sourceTree = "<group>"; };
		D169D31206BB36E573293F2C /* Pods-Flix-FlixUITests.release.xcconfig */ = {isa = PBXFileReference; includeInIndex = 1; lastKnownFileType = text.xcconfig; name = "Pods-Flix-FlixUITests.release.xcconfig"; path = "Target Support Files/Pods-Flix-FlixUITests/Pods-Flix-FlixUITests.release.xcconfig"; sourceTree = "<group>"; };
		F201E3B201FE195BC89FAB68 /* Pods-Flix-FlixUITests.debug.xcconfig */ = {isa = PBXFileReference; includeInIndex = 1; lastKnownFileType = text.xcconfig; name = "Pods-Flix-FlixUITests.debug.xcconfig"; path = "Target Support Files/Pods-Flix-FlixUITests/Pods-Flix-FlixUITests.debug.xcconfig"; sourceTree = "<group>"; };
		FB5B6BB829D92F1CE736052B /* Pods-Flix.debug.xcconfig */ = {isa = PBXFileReference; includeInIndex = 1; lastKnownFileType = text.xcconfig; name = "Pods-Flix.debug.xcconfig"; path = "Target Support Files/Pods-Flix/Pods-Flix.debug.xcconfig"; sourceTree = "<group>"; };
/* End PBXFileReference section */

/* Begin PBXFrameworksBuildPhase section */
		410468AB25DF64B5002A30D9 /* Frameworks */ = {
			isa = PBXFrameworksBuildPhase;
			buildActionMask = 2147483647;
			files = (
				F2724D29990A0365892A5398 /* Pods_Flix.framework in Frameworks */,
			);
			runOnlyForDeploymentPostprocessing = 0;
		};
		410468C125DF64B7002A30D9 /* Frameworks */ = {
			isa = PBXFrameworksBuildPhase;
			buildActionMask = 2147483647;
			files = (
				4F6FCE85D3FA53CC1D458F62 /* Pods_FlixTests.framework in Frameworks */,
			);
			runOnlyForDeploymentPostprocessing = 0;
		};
		410468CC25DF64B7002A30D9 /* Frameworks */ = {
			isa = PBXFrameworksBuildPhase;
			buildActionMask = 2147483647;
			files = (
				E6D9E1B822F83F9F5CDA0CF6 /* Pods_Flix_FlixUITests.framework in Frameworks */,
			);
			runOnlyForDeploymentPostprocessing = 0;
		};
/* End PBXFrameworksBuildPhase section */

/* Begin PBXGroup section */
		410468A525DF64B5002A30D9 = {
			isa = PBXGroup;
			children = (
				410468B025DF64B5002A30D9 /* Flix */,
				410468C725DF64B7002A30D9 /* FlixTests */,
				410468D225DF64B7002A30D9 /* FlixUITests */,
				410468AF25DF64B5002A30D9 /* Products */,
				D1DB658FF834A246F0241B61 /* Pods */,
				9BAD63F0922B95692F695D0E /* Frameworks */,
			);
			sourceTree = "<group>";
		};
		410468AF25DF64B5002A30D9 /* Products */ = {
			isa = PBXGroup;
			children = (
				410468AE25DF64B5002A30D9 /* Flix.app */,
				410468C425DF64B7002A30D9 /* FlixTests.xctest */,
				410468CF25DF64B7002A30D9 /* FlixUITests.xctest */,
			);
			name = Products;
			sourceTree = "<group>";
		};
		410468B025DF64B5002A30D9 /* Flix */ = {
			isa = PBXGroup;
			children = (
				41EBD69A25E2342E00BEC81C /* Flix.entitlements */,
				410468B125DF64B5002A30D9 /* AppDelegate.swift */,
				410468B325DF64B5002A30D9 /* SceneDelegate.swift */,
				410468B525DF64B5002A30D9 /* ViewController.swift */,
				410468B725DF64B5002A30D9 /* Main.storyboard */,
				410E80AB25E2F84900AFC6E9 /* MovieDetailsViewController.swift */,
				41CA1E7625DF9B4B0079EEB3 /* MovieCell.swift */,
				410468BA25DF64B7002A30D9 /* Assets.xcassets */,
				410468BC25DF64B7002A30D9 /* LaunchScreen.storyboard */,
				41CA1E6E25DF95060079EEB3 /* MoviesViewController.swift */,
				410468BF25DF64B7002A30D9 /* Info.plist */,
			);
			path = Flix;
			sourceTree = "<group>";
		};
		410468C725DF64B7002A30D9 /* FlixTests */ = {
			isa = PBXGroup;
			children = (
				410468C825DF64B7002A30D9 /* FlixTests.swift */,
				410468CA25DF64B7002A30D9 /* Info.plist */,
			);
			path = FlixTests;
			sourceTree = "<group>";
		};
		410468D225DF64B7002A30D9 /* FlixUITests */ = {
			isa = PBXGroup;
			children = (
				410468D325DF64B7002A30D9 /* FlixUITests.swift */,
				410468D525DF64B7002A30D9 /* Info.plist */,
			);
			path = FlixUITests;
			sourceTree = "<group>";
		};
		9BAD63F0922B95692F695D0E /* Frameworks */ = {
			isa = PBXGroup;
			children = (
				9FECCA059D1DEA092B621F77 /* Pods_Flix.framework */,
				36A7835B506B0F5FE6580687 /* Pods_Flix_FlixUITests.framework */,
				6AD9A4F7C586743AFEA83BE3 /* Pods_FlixTests.framework */,
			);
			name = Frameworks;
			sourceTree = "<group>";
		};
		D1DB658FF834A246F0241B61 /* Pods */ = {
			isa = PBXGroup;
			children = (
				FB5B6BB829D92F1CE736052B /* Pods-Flix.debug.xcconfig */,
				CA46093B93960BD9927431AF /* Pods-Flix.release.xcconfig */,
				F201E3B201FE195BC89FAB68 /* Pods-Flix-FlixUITests.debug.xcconfig */,
				D169D31206BB36E573293F2C /* Pods-Flix-FlixUITests.release.xcconfig */,
				666415B4CEB6B3180F450EF3 /* Pods-FlixTests.debug.xcconfig */,
				574BDE64FBBB031C9D9D8543 /* Pods-FlixTests.release.xcconfig */,
			);
			path = Pods;
			sourceTree = "<group>";
		};
/* End PBXGroup section */

/* Begin PBXNativeTarget section */
		410468AD25DF64B5002A30D9 /* Flix */ = {
			isa = PBXNativeTarget;
			buildConfigurationList = 410468D825DF64B7002A30D9 /* Build configuration list for PBXNativeTarget "Flix" */;
			buildPhases = (
				14B3E9927C891F28732CE163 /* [CP] Check Pods Manifest.lock */,
				410468AA25DF64B5002A30D9 /* Sources */,
				410468AB25DF64B5002A30D9 /* Frameworks */,
				410468AC25DF64B5002A30D9 /* Resources */,
				B5A00AB97F2358640AB86146 /* [CP] Embed Pods Frameworks */,
			);
			buildRules = (
			);
			dependencies = (
			);
			name = Flix;
			productName = Flix;
			productReference = 410468AE25DF64B5002A30D9 /* Flix.app */;
			productType = "com.apple.product-type.application";
		};
		410468C325DF64B7002A30D9 /* FlixTests */ = {
			isa = PBXNativeTarget;
			buildConfigurationList = 410468DB25DF64B7002A30D9 /* Build configuration list for PBXNativeTarget "FlixTests" */;
			buildPhases = (
				66C5247EE720605A3B663437 /* [CP] Check Pods Manifest.lock */,
				410468C025DF64B7002A30D9 /* Sources */,
				410468C125DF64B7002A30D9 /* Frameworks */,
				410468C225DF64B7002A30D9 /* Resources */,
			);
			buildRules = (
			);
			dependencies = (
				410468C625DF64B7002A30D9 /* PBXTargetDependency */,
			);
			name = FlixTests;
			productName = FlixTests;
			productReference = 410468C425DF64B7002A30D9 /* FlixTests.xctest */;
			productType = "com.apple.product-type.bundle.unit-test";
		};
		410468CE25DF64B7002A30D9 /* FlixUITests */ = {
			isa = PBXNativeTarget;
			buildConfigurationList = 410468DE25DF64B7002A30D9 /* Build configuration list for PBXNativeTarget "FlixUITests" */;
			buildPhases = (
				E43CBE9F5B5080D1866111C3 /* [CP] Check Pods Manifest.lock */,
				410468CB25DF64B7002A30D9 /* Sources */,
				410468CC25DF64B7002A30D9 /* Frameworks */,
				410468CD25DF64B7002A30D9 /* Resources */,
				67C9CD107F658495D7ADEA68 /* [CP] Embed Pods Frameworks */,
			);
			buildRules = (
			);
			dependencies = (
				410468D125DF64B7002A30D9 /* PBXTargetDependency */,
			);
			name = FlixUITests;
			productName = FlixUITests;
			productReference = 410468CF25DF64B7002A30D9 /* FlixUITests.xctest */;
			productType = "com.apple.product-type.bundle.ui-testing";
		};
/* End PBXNativeTarget section */

/* Begin PBXProject section */
		410468A625DF64B5002A30D9 /* Project object */ = {
			isa = PBXProject;
			attributes = {
				LastSwiftUpdateCheck = 1240;
				LastUpgradeCheck = 1240;
				TargetAttributes = {
					410468AD25DF64B5002A30D9 = {
						CreatedOnToolsVersion = 12.4;
					};
					410468C325DF64B7002A30D9 = {
						CreatedOnToolsVersion = 12.4;
						TestTargetID = 410468AD25DF64B5002A30D9;
					};
					410468CE25DF64B7002A30D9 = {
						CreatedOnToolsVersion = 12.4;
						TestTargetID = 410468AD25DF64B5002A30D9;
					};
				};
			};
			buildConfigurationList = 410468A925DF64B5002A30D9 /* Build configuration list for PBXProject "Flix" */;
			compatibilityVersion = "Xcode 9.3";
			developmentRegion = en;
			hasScannedForEncodings = 0;
			knownRegions = (
				en,
				Base,
			);
			mainGroup = 410468A525DF64B5002A30D9;
			productRefGroup = 410468AF25DF64B5002A30D9 /* Products */;
			projectDirPath = "";
			projectRoot = "";
			targets = (
				410468AD25DF64B5002A30D9 /* Flix */,
				410468C325DF64B7002A30D9 /* FlixTests */,
				410468CE25DF64B7002A30D9 /* FlixUITests */,
			);
		};
/* End PBXProject section */

/* Begin PBXResourcesBuildPhase section */
		410468AC25DF64B5002A30D9 /* Resources */ = {
			isa = PBXResourcesBuildPhase;
			buildActionMask = 2147483647;
			files = (
				410468BE25DF64B7002A30D9 /* LaunchScreen.storyboard in Resources */,
				410468BB25DF64B7002A30D9 /* Assets.xcassets in Resources */,
				410468B925DF64B5002A30D9 /* Main.storyboard in Resources */,
			);
			runOnlyForDeploymentPostprocessing = 0;
		};
		410468C225DF64B7002A30D9 /* Resources */ = {
			isa = PBXResourcesBuildPhase;
			buildActionMask = 2147483647;
			files = (
			);
			runOnlyForDeploymentPostprocessing = 0;
		};
		410468CD25DF64B7002A30D9 /* Resources */ = {
			isa = PBXResourcesBuildPhase;
			buildActionMask = 2147483647;
			files = (
			);
			runOnlyForDeploymentPostprocessing = 0;
		};
/* End PBXResourcesBuildPhase section */

/* Begin PBXShellScriptBuildPhase section */
		14B3E9927C891F28732CE163 /* [CP] Check Pods Manifest.lock */ = {
			isa = PBXShellScriptBuildPhase;
			buildActionMask = 2147483647;
			files = (
			);
			inputFileListPaths = (
			);
			inputPaths = (
				"${PODS_PODFILE_DIR_PATH}/Podfile.lock",
				"${PODS_ROOT}/Manifest.lock",
			);
			name = "[CP] Check Pods Manifest.lock";
			outputFileListPaths = (
			);
			outputPaths = (
				"$(DERIVED_FILE_DIR)/Pods-Flix-checkManifestLockResult.txt",
			);
			runOnlyForDeploymentPostprocessing = 0;
			shellPath = /bin/sh;
			shellScript = "diff \"${PODS_PODFILE_DIR_PATH}/Podfile.lock\" \"${PODS_ROOT}/Manifest.lock\" > /dev/null\nif [ $? != 0 ] ; then\n    # print error to STDERR\n    echo \"error: The sandbox is not in sync with the Podfile.lock. Run 'pod install' or update your CocoaPods installation.\" >&2\n    exit 1\nfi\n# This output is used by Xcode 'outputs' to avoid re-running this script phase.\necho \"SUCCESS\" > \"${SCRIPT_OUTPUT_FILE_0}\"\n";
			showEnvVarsInLog = 0;
		};
		66C5247EE720605A3B663437 /* [CP] Check Pods Manifest.lock */ = {
			isa = PBXShellScriptBuildPhase;
			buildActionMask = 2147483647;
			files = (
			);
			inputFileListPaths = (
			);
			inputPaths = (
				"${PODS_PODFILE_DIR_PATH}/Podfile.lock",
				"${PODS_ROOT}/Manifest.lock",
			);
			name = "[CP] Check Pods Manifest.lock";
			outputFileListPaths = (
			);
			outputPaths = (
				"$(DERIVED_FILE_DIR)/Pods-FlixTests-checkManifestLockResult.txt",
			);
			runOnlyForDeploymentPostprocessing = 0;
			shellPath = /bin/sh;
			shellScript = "diff \"${PODS_PODFILE_DIR_PATH}/Podfile.lock\" \"${PODS_ROOT}/Manifest.lock\" > /dev/null\nif [ $? != 0 ] ; then\n    # print error to STDERR\n    echo \"error: The sandbox is not in sync with the Podfile.lock. Run 'pod install' or update your CocoaPods installation.\" >&2\n    exit 1\nfi\n# This output is used by Xcode 'outputs' to avoid re-running this script phase.\necho \"SUCCESS\" > \"${SCRIPT_OUTPUT_FILE_0}\"\n";
			showEnvVarsInLog = 0;
		};
		67C9CD107F658495D7ADEA68 /* [CP] Embed Pods Frameworks */ = {
			isa = PBXShellScriptBuildPhase;
			buildActionMask = 2147483647;
			files = (
			);
			inputFileListPaths = (
				"${PODS_ROOT}/Target Support Files/Pods-Flix-FlixUITests/Pods-Flix-FlixUITests-frameworks-${CONFIGURATION}-input-files.xcfilelist",
			);
			name = "[CP] Embed Pods Frameworks";
			outputFileListPaths = (
				"${PODS_ROOT}/Target Support Files/Pods-Flix-FlixUITests/Pods-Flix-FlixUITests-frameworks-${CONFIGURATION}-output-files.xcfilelist",
			);
			runOnlyForDeploymentPostprocessing = 0;
			shellPath = /bin/sh;
			shellScript = "\"${PODS_ROOT}/Target Support Files/Pods-Flix-FlixUITests/Pods-Flix-FlixUITests-frameworks.sh\"\n";
			showEnvVarsInLog = 0;
		};
		B5A00AB97F2358640AB86146 /* [CP] Embed Pods Frameworks */ = {
			isa = PBXShellScriptBuildPhase;
			buildActionMask = 2147483647;
			files = (
			);
			inputFileListPaths = (
				"${PODS_ROOT}/Target Support Files/Pods-Flix/Pods-Flix-frameworks-${CONFIGURATION}-input-files.xcfilelist",
			);
			name = "[CP] Embed Pods Frameworks";
			outputFileListPaths = (
				"${PODS_ROOT}/Target Support Files/Pods-Flix/Pods-Flix-frameworks-${CONFIGURATION}-output-files.xcfilelist",
			);
			runOnlyForDeploymentPostprocessing = 0;
			shellPath = /bin/sh;
			shellScript = "\"${PODS_ROOT}/Target Support Files/Pods-Flix/Pods-Flix-frameworks.sh\"\n";
			showEnvVarsInLog = 0;
		};
		E43CBE9F5B5080D1866111C3 /* [CP] Check Pods Manifest.lock */ = {
			isa = PBXShellScriptBuildPhase;
			buildActionMask = 2147483647;
			files = (
			);
			inputFileListPaths = (
			);
			inputPaths = (
				"${PODS_PODFILE_DIR_PATH}/Podfile.lock",
				"${PODS_ROOT}/Manifest.lock",
			);
			name = "[CP] Check Pods Manifest.lock";
			outputFileListPaths = (
			);
			outputPaths = (
				"$(DERIVED_FILE_DIR)/Pods-Flix-FlixUITests-checkManifestLockResult.txt",
			);
			runOnlyForDeploymentPostprocessing = 0;
			shellPath = /bin/sh;
			shellScript = "diff \"${PODS_PODFILE_DIR_PATH}/Podfile.lock\" \"${PODS_ROOT}/Manifest.lock\" > /dev/null\nif [ $? != 0 ] ; then\n    # print error to STDERR\n    echo \"error: The sandbox is not in sync with the Podfile.lock. Run 'pod install' or update your CocoaPods installation.\" >&2\n    exit 1\nfi\n# This output is used by Xcode 'outputs' to avoid re-running this script phase.\necho \"SUCCESS\" > \"${SCRIPT_OUTPUT_FILE_0}\"\n";
			showEnvVarsInLog = 0;
		};
/* End PBXShellScriptBuildPhase section */

/* Begin PBXSourcesBuildPhase section */
		410468AA25DF64B5002A30D9 /* Sources */ = {
			isa = PBXSourcesBuildPhase;
			buildActionMask = 2147483647;
			files = (
				410468B625DF64B5002A30D9 /* ViewController.swift in Sources */,
				410468B225DF64B5002A30D9 /* AppDelegate.swift in Sources */,
				410E80AC25E2F84900AFC6E9 /* MovieDetailsViewController.swift in Sources */,
				410468B425DF64B5002A30D9 /* SceneDelegate.swift in Sources */,
				41CA1E7725DF9B4B0079EEB3 /* MovieCell.swift in Sources */,
				41CA1E6F25DF95060079EEB3 /* MoviesViewController.swift in Sources */,
			);
			runOnlyForDeploymentPostprocessing = 0;
		};
		410468C025DF64B7002A30D9 /* Sources */ = {
			isa = PBXSourcesBuildPhase;
			buildActionMask = 2147483647;
			files = (
				410468C925DF64B7002A30D9 /* FlixTests.swift in Sources */,
			);
			runOnlyForDeploymentPostprocessing = 0;
		};
		410468CB25DF64B7002A30D9 /* Sources */ = {
			isa = PBXSourcesBuildPhase;
			buildActionMask = 2147483647;
			files = (
				410468D425DF64B7002A30D9 /* FlixUITests.swift in Sources */,
			);
			runOnlyForDeploymentPostprocessing = 0;
		};
/* End PBXSourcesBuildPhase section */

/* Begin PBXTargetDependency section */
		410468C625DF64B7002A30D9 /* PBXTargetDependency */ = {
			isa = PBXTargetDependency;
			target = 410468AD25DF64B5002A30D9 /* Flix */;
			targetProxy = 410468C525DF64B7002A30D9 /* PBXContainerItemProxy */;
		};
		410468D125DF64B7002A30D9 /* PBXTargetDependency */ = {
			isa = PBXTargetDependency;
			target = 410468AD25DF64B5002A30D9 /* Flix */;
			targetProxy = 410468D025DF64B7002A30D9 /* PBXContainerItemProxy */;
		};
/* End PBXTargetDependency section */

/* Begin PBXVariantGroup section */
		410468B725DF64B5002A30D9 /* Main.storyboard */ = {
			isa = PBXVariantGroup;
			children = (
				410468B825DF64B5002A30D9 /* Base */,
			);
			name = Main.storyboard;
			sourceTree = "<group>";
		};
		410468BC25DF64B7002A30D9 /* LaunchScreen.storyboard */ = {
			isa = PBXVariantGroup;
			children = (
				410468BD25DF64B7002A30D9 /* Base */,
			);
			name = LaunchScreen.storyboard;
			sourceTree = "<group>";
		};
/* End PBXVariantGroup section */

/* Begin XCBuildConfiguration section */
		410468D625DF64B7002A30D9 /* Debug */ = {
			isa = XCBuildConfiguration;
			buildSettings = {
				ALWAYS_SEARCH_USER_PATHS = NO;
				CLANG_ANALYZER_NONNULL = YES;
				CLANG_ANALYZER_NUMBER_OBJECT_CONVERSION = YES_AGGRESSIVE;
				CLANG_CXX_LANGUAGE_STANDARD = "gnu++14";
				CLANG_CXX_LIBRARY = "libc++";
				CLANG_ENABLE_MODULES = YES;
				CLANG_ENABLE_OBJC_ARC = YES;
				CLANG_ENABLE_OBJC_WEAK = YES;
				CLANG_WARN_BLOCK_CAPTURE_AUTORELEASING = YES;
				CLANG_WARN_BOOL_CONVERSION = YES;
				CLANG_WARN_COMMA = YES;
				CLANG_WARN_CONSTANT_CONVERSION = YES;
				CLANG_WARN_DEPRECATED_OBJC_IMPLEMENTATIONS = YES;
				CLANG_WARN_DIRECT_OBJC_ISA_USAGE = YES_ERROR;
				CLANG_WARN_DOCUMENTATION_COMMENTS = YES;
				CLANG_WARN_EMPTY_BODY = YES;
				CLANG_WARN_ENUM_CONVERSION = YES;
				CLANG_WARN_INFINITE_RECURSION = YES;
				CLANG_WARN_INT_CONVERSION = YES;
				CLANG_WARN_NON_LITERAL_NULL_CONVERSION = YES;
				CLANG_WARN_OBJC_IMPLICIT_RETAIN_SELF = YES;
				CLANG_WARN_OBJC_LITERAL_CONVERSION = YES;
				CLANG_WARN_OBJC_ROOT_CLASS = YES_ERROR;
				CLANG_WARN_QUOTED_INCLUDE_IN_FRAMEWORK_HEADER = YES;
				CLANG_WARN_RANGE_LOOP_ANALYSIS = YES;
				CLANG_WARN_STRICT_PROTOTYPES = YES;
				CLANG_WARN_SUSPICIOUS_MOVE = YES;
				CLANG_WARN_UNGUARDED_AVAILABILITY = YES_AGGRESSIVE;
				CLANG_WARN_UNREACHABLE_CODE = YES;
				CLANG_WARN__DUPLICATE_METHOD_MATCH = YES;
				COPY_PHASE_STRIP = NO;
				DEBUG_INFORMATION_FORMAT = dwarf;
				ENABLE_STRICT_OBJC_MSGSEND = YES;
				ENABLE_TESTABILITY = YES;
				GCC_C_LANGUAGE_STANDARD = gnu11;
				GCC_DYNAMIC_NO_PIC = NO;
				GCC_NO_COMMON_BLOCKS = YES;
				GCC_OPTIMIZATION_LEVEL = 0;
				GCC_PREPROCESSOR_DEFINITIONS = (
					"DEBUG=1",
					"$(inherited)",
				);
				GCC_WARN_64_TO_32_BIT_CONVERSION = YES;
				GCC_WARN_ABOUT_RETURN_TYPE = YES_ERROR;
				GCC_WARN_UNDECLARED_SELECTOR = YES;
				GCC_WARN_UNINITIALIZED_AUTOS = YES_AGGRESSIVE;
				GCC_WARN_UNUSED_FUNCTION = YES;
				GCC_WARN_UNUSED_VARIABLE = YES;
				IPHONEOS_DEPLOYMENT_TARGET = 14.4;
				MTL_ENABLE_DEBUG_INFO = INCLUDE_SOURCE;
				MTL_FAST_MATH = YES;
				ONLY_ACTIVE_ARCH = YES;
				SDKROOT = iphoneos;
				SWIFT_ACTIVE_COMPILATION_CONDITIONS = DEBUG;
				SWIFT_OPTIMIZATION_LEVEL = "-Onone";
			};
			name = Debug;
		};
		410468D725DF64B7002A30D9 /* Release */ = {
			isa = XCBuildConfiguration;
			buildSettings = {
				ALWAYS_SEARCH_USER_PATHS = NO;
				CLANG_ANALYZER_NONNULL = YES;
				CLANG_ANALYZER_NUMBER_OBJECT_CONVERSION = YES_AGGRESSIVE;
				CLANG_CXX_LANGUAGE_STANDARD = "gnu++14";
				CLANG_CXX_LIBRARY = "libc++";
				CLANG_ENABLE_MODULES = YES;
				CLANG_ENABLE_OBJC_ARC = YES;
				CLANG_ENABLE_OBJC_WEAK = YES;
				CLANG_WARN_BLOCK_CAPTURE_AUTORELEASING = YES;
				CLANG_WARN_BOOL_CONVERSION = YES;
				CLANG_WARN_COMMA = YES;
				CLANG_WARN_CONSTANT_CONVERSION = YES;
				CLANG_WARN_DEPRECATED_OBJC_IMPLEMENTATIONS = YES;
				CLANG_WARN_DIRECT_OBJC_ISA_USAGE = YES_ERROR;
				CLANG_WARN_DOCUMENTATION_COMMENTS = YES;
				CLANG_WARN_EMPTY_BODY = YES;
				CLANG_WARN_ENUM_CONVERSION = YES;
				CLANG_WARN_INFINITE_RECURSION = YES;
				CLANG_WARN_INT_CONVERSION = YES;
				CLANG_WARN_NON_LITERAL_NULL_CONVERSION = YES;
				CLANG_WARN_OBJC_IMPLICIT_RETAIN_SELF = YES;
				CLANG_WARN_OBJC_LITERAL_CONVERSION = YES;
				CLANG_WARN_OBJC_ROOT_CLASS = YES_ERROR;
				CLANG_WARN_QUOTED_INCLUDE_IN_FRAMEWORK_HEADER = YES;
				CLANG_WARN_RANGE_LOOP_ANALYSIS = YES;
				CLANG_WARN_STRICT_PROTOTYPES = YES;
				CLANG_WARN_SUSPICIOUS_MOVE = YES;
				CLANG_WARN_UNGUARDED_AVAILABILITY = YES_AGGRESSIVE;
				CLANG_WARN_UNREACHABLE_CODE = YES;
				CLANG_WARN__DUPLICATE_METHOD_MATCH = YES;
				COPY_PHASE_STRIP = NO;
				DEBUG_INFORMATION_FORMAT = "dwarf-with-dsym";
				ENABLE_NS_ASSERTIONS = NO;
				ENABLE_STRICT_OBJC_MSGSEND = YES;
				GCC_C_LANGUAGE_STANDARD = gnu11;
				GCC_NO_COMMON_BLOCKS = YES;
				GCC_WARN_64_TO_32_BIT_CONVERSION = YES;
				GCC_WARN_ABOUT_RETURN_TYPE = YES_ERROR;
				GCC_WARN_UNDECLARED_SELECTOR = YES;
				GCC_WARN_UNINITIALIZED_AUTOS = YES_AGGRESSIVE;
				GCC_WARN_UNUSED_FUNCTION = YES;
				GCC_WARN_UNUSED_VARIABLE = YES;
				IPHONEOS_DEPLOYMENT_TARGET = 14.4;
				MTL_ENABLE_DEBUG_INFO = NO;
				MTL_FAST_MATH = YES;
				SDKROOT = iphoneos;
				SWIFT_COMPILATION_MODE = wholemodule;
				SWIFT_OPTIMIZATION_LEVEL = "-O";
				VALIDATE_PRODUCT = YES;
			};
			name = Release;
		};
		410468D925DF64B7002A30D9 /* Debug */ = {
			isa = XCBuildConfiguration;
			baseConfigurationReference = FB5B6BB829D92F1CE736052B /* Pods-Flix.debug.xcconfig */;
			buildSettings = {
				ASSETCATALOG_COMPILER_APPICON_NAME = AppIcon;
				ASSETCATALOG_COMPILER_GLOBAL_ACCENT_COLOR_NAME = AccentColor;
				CODE_SIGN_ENTITLEMENTS = Flix/Flix.entitlements;
				CODE_SIGN_STYLE = Automatic;
				DEVELOPMENT_TEAM = XHHXG5SH3U;
				INFOPLIST_FILE = Flix/Info.plist;
				LD_RUNPATH_SEARCH_PATHS = (
					"$(inherited)",
					"@executable_path/Frameworks",
				);
				PRODUCT_BUNDLE_IDENTIFIER = linxixu1995.Flix;
				PRODUCT_NAME = "$(TARGET_NAME)";
				SUPPORTS_MACCATALYST = NO;
				SWIFT_VERSION = 5.0;
				TARGETED_DEVICE_FAMILY = "1,2";
			};
			name = Debug;
		};
		410468DA25DF64B7002A30D9 /* Release */ = {
			isa = XCBuildConfiguration;
			baseConfigurationReference = CA46093B93960BD9927431AF /* Pods-Flix.release.xcconfig */;
			buildSettings = {
				ASSETCATALOG_COMPILER_APPICON_NAME = AppIcon;
				ASSETCATALOG_COMPILER_GLOBAL_ACCENT_COLOR_NAME = AccentColor;
				CODE_SIGN_ENTITLEMENTS = Flix/Flix.entitlements;
				CODE_SIGN_STYLE = Automatic;
				DEVELOPMENT_TEAM = XHHXG5SH3U;
				INFOPLIST_FILE = Flix/Info.plist;
				LD_RUNPATH_SEARCH_PATHS = (
					"$(inherited)",
					"@executable_path/Frameworks",
				);
				PRODUCT_BUNDLE_IDENTIFIER = linxixu1995.Flix;
				PRODUCT_NAME = "$(TARGET_NAME)";
				SUPPORTS_MACCATALYST = NO;
				SWIFT_VERSION = 5.0;
				TARGETED_DEVICE_FAMILY = "1,2";
			};
			name = Release;
		};
		410468DC25DF64B7002A30D9 /* Debug */ = {
			isa = XCBuildConfiguration;
			baseConfigurationReference = 666415B4CEB6B3180F450EF3 /* Pods-FlixTests.debug.xcconfig */;
			buildSettings = {
				ALWAYS_EMBED_SWIFT_STANDARD_LIBRARIES = YES;
				BUNDLE_LOADER = "$(TEST_HOST)";
				CODE_SIGN_STYLE = Automatic;
				DEVELOPMENT_TEAM = XHHXG5SH3U;
				INFOPLIST_FILE = FlixTests/Info.plist;
				IPHONEOS_DEPLOYMENT_TARGET = 14.4;
				LD_RUNPATH_SEARCH_PATHS = (
					"$(inherited)",
					"@executable_path/Frameworks",
					"@loader_path/Frameworks",
				);
				PRODUCT_BUNDLE_IDENTIFIER = linxixu1995.FlixTests;
				PRODUCT_NAME = "$(TARGET_NAME)";
				SWIFT_VERSION = 5.0;
				TARGETED_DEVICE_FAMILY = "1,2";
				TEST_HOST = "$(BUILT_PRODUCTS_DIR)/Flix.app/Flix";
			};
			name = Debug;
		};
		410468DD25DF64B7002A30D9 /* Release */ = {
			isa = XCBuildConfiguration;
			baseConfigurationReference = 574BDE64FBBB031C9D9D8543 /* Pods-FlixTests.release.xcconfig */;
			buildSettings = {
				ALWAYS_EMBED_SWIFT_STANDARD_LIBRARIES = YES;
				BUNDLE_LOADER = "$(TEST_HOST)";
				CODE_SIGN_STYLE = Automatic;
				DEVELOPMENT_TEAM = XHHXG5SH3U;
				INFOPLIST_FILE = FlixTests/Info.plist;
				IPHONEOS_DEPLOYMENT_TARGET = 14.4;
				LD_RUNPATH_SEARCH_PATHS = (
					"$(inherited)",
					"@executable_path/Frameworks",
					"@loader_path/Frameworks",
				);
				PRODUCT_BUNDLE_IDENTIFIER = linxixu1995.FlixTests;
				PRODUCT_NAME = "$(TARGET_NAME)";
				SWIFT_VERSION = 5.0;
				TARGETED_DEVICE_FAMILY = "1,2";
				TEST_HOST = "$(BUILT_PRODUCTS_DIR)/Flix.app/Flix";
			};
			name = Release;
		};
		410468DF25DF64B7002A30D9 /* Debug */ = {
			isa = XCBuildConfiguration;
			baseConfigurationReference = F201E3B201FE195BC89FAB68 /* Pods-Flix-FlixUITests.debug.xcconfig */;
			buildSettings = {
				ALWAYS_EMBED_SWIFT_STANDARD_LIBRARIES = YES;
				CODE_SIGN_STYLE = Automatic;
				DEVELOPMENT_TEAM = XHHXG5SH3U;
				INFOPLIST_FILE = FlixUITests/Info.plist;
				LD_RUNPATH_SEARCH_PATHS = (
					"$(inherited)",
					"@executable_path/Frameworks",
					"@loader_path/Frameworks",
				);
				PRODUCT_BUNDLE_IDENTIFIER = linxixu1995.FlixUITests;
				PRODUCT_NAME = "$(TARGET_NAME)";
				SWIFT_VERSION = 5.0;
				TARGETED_DEVICE_FAMILY = "1,2";
				TEST_TARGET_NAME = Flix;
			};
			name = Debug;
		};
		410468E025DF64B7002A30D9 /* Release */ = {
			isa = XCBuildConfiguration;
			baseConfigurationReference = D169D31206BB36E573293F2C /* Pods-Flix-FlixUITests.release.xcconfig */;
			buildSettings = {
				ALWAYS_EMBED_SWIFT_STANDARD_LIBRARIES = YES;
				CODE_SIGN_STYLE = Automatic;
				DEVELOPMENT_TEAM = XHHXG5SH3U;
				INFOPLIST_FILE = FlixUITests/Info.plist;
				LD_RUNPATH_SEARCH_PATHS = (
					"$(inherited)",
					"@executable_path/Frameworks",
					"@loader_path/Frameworks",
				);
				PRODUCT_BUNDLE_IDENTIFIER = linxixu1995.FlixUITests;
				PRODUCT_NAME = "$(TARGET_NAME)";
				SWIFT_VERSION = 5.0;
				TARGETED_DEVICE_FAMILY = "1,2";
				TEST_TARGET_NAME = Flix;
			};
			name = Release;
		};
/* End XCBuildConfiguration section */

/* Begin XCConfigurationList section */
		410468A925DF64B5002A30D9 /* Build configuration list for PBXProject "Flix" */ = {
			isa = XCConfigurationList;
			buildConfigurations = (
				410468D625DF64B7002A30D9 /* Debug */,
				410468D725DF64B7002A30D9 /* Release */,
			);
			defaultConfigurationIsVisible = 0;
			defaultConfigurationName = Release;
		};
		410468D825DF64B7002A30D9 /* Build configuration list for PBXNativeTarget "Flix" */ = {
			isa = XCConfigurationList;
			buildConfigurations = (
				410468D925DF64B7002A30D9 /* Debug */,
				410468DA25DF64B7002A30D9 /* Release */,
			);
			defaultConfigurationIsVisible = 0;
			defaultConfigurationName = Release;
		};
		410468DB25DF64B7002A30D9 /* Build configuration list for PBXNativeTarget "FlixTests" */ = {
			isa = XCConfigurationList;
			buildConfigurations = (
				410468DC25DF64B7002A30D9 /* Debug */,
				410468DD25DF64B7002A30D9 /* Release */,
			);
			defaultConfigurationIsVisible = 0;
			defaultConfigurationName = Release;
		};
		410468DE25DF64B7002A30D9 /* Build configuration list for PBXNativeTarget "FlixUITests" */ = {
			isa = XCConfigurationList;
			buildConfigurations = (
				410468DF25DF64B7002A30D9 /* Debug */,
				410468E025DF64B7002A30D9 /* Release */,
			);
			defaultConfigurationIsVisible = 0;
			defaultConfigurationName = Release;
		};
/* End XCConfigurationList section */
	};
	rootObject = 410468A625DF64B5002A30D9 /* Project object */;
}
